
Microsoft Visual Studio Solution File, Format Version 12.00
# Visual Studio Version 17
VisualStudioVersion = 17.14.36408.4 d17.14
MinimumVisualStudioVersion = 10.0.40219.1
Project("{FAE04EC0-301F-11D3-BF4B-00C04F79EFBC}") = "SpeedControl", "SpeedControl\SpeedControl.csproj", "{F71CB3AC-D7B5-45C8-8F18-784A694D158C}"
EndProject
Global
	GlobalSection(SolutionConfigurationPlatforms) = preSolution
		Debug|Any CPU = Debug|Any CPU
		Release|Any CPU = Release|Any CPU
	EndGlobalSection
	GlobalSection(ProjectConfigurationPlatforms) = postSolution
		{F71CB3AC-D7B5-45C8-8F18-784A694D158C}.Debug|Any CPU.ActiveCfg = Debug|Any CPU
		{F71CB3AC-D7B5-45C8-8F18-784A694D158C}.Debug|Any CPU.Build.0 = Debug|Any CPU
		{F71CB3AC-D7B5-45C8-8F18-784A694D158C}.Release|Any CPU.ActiveCfg = Release|Any CPU
		{F71CB3AC-D7B5-45C8-8F18-784A694D158C}.Release|Any CPU.Build.0 = Release|Any CPU
	EndGlobalSection
	GlobalSection(SolutionProperties) = preSolution
		HideSolutionNode = FALSE
	EndGlobalSection
	GlobalSection(ExtensibilityGlobals) = postSolution
		SolutionGuid = {10632AEF-4C82-464F-A586-B604CE604E81}
	EndGlobalSection
EndGlobal
