
Microsoft Visual Studio Solution File, Format Version 12.00
# Visual Studio Version 17
VisualStudioVersion = 17.14.36408.4 d17.14
MinimumVisualStudioVersion = 10.0.40219.1
Project("{FAE04EC0-301F-11D3-BF4B-00C04F79EFBC}") = "SalaryAdjustment", "SalaryAdjustment\SalaryAdjustment.csproj", "{24E8A35F-9108-4D06-A330-5E4DE6775086}"
EndProject
Global
	GlobalSection(SolutionConfigurationPlatforms) = preSolution
		Debug|Any CPU = Debug|Any CPU
		Release|Any CPU = Release|Any CPU
	EndGlobalSection
	GlobalSection(ProjectConfigurationPlatforms) = postSolution
		{24E8A35F-9108-4D06-A330-5E4DE6775086}.Debug|Any CPU.ActiveCfg = Debug|Any CPU
		{24E8A35F-9108-4D06-A330-5E4DE6775086}.Debug|Any CPU.Build.0 = Debug|Any CPU
		{24E8A35F-9108-4D06-A330-5E4DE6775086}.Release|Any CPU.ActiveCfg = Release|Any CPU
		{24E8A35F-9108-4D06-A330-5E4DE6775086}.Release|Any CPU.Build.0 = Release|Any CPU
	EndGlobalSection
	GlobalSection(SolutionProperties) = preSolution
		HideSolutionNode = FALSE
	EndGlobalSection
	GlobalSection(ExtensibilityGlobals) = postSolution
		SolutionGuid = {AC651265-13A2-45AE-AA26-962018DD7C14}
	EndGlobalSection
EndGlobal
