
Microsoft Visual Studio Solution File, Format Version 12.00
# Visual Studio Version 17
VisualStudioVersion = 17.14.36408.4 d17.14
MinimumVisualStudioVersion = 10.0.40219.1
Project("{FAE04EC0-301F-11D3-BF4B-00C04F79EFBC}") = "MinScoreValidation", "MinScoreValidation\MinScoreValidation.csproj", "{01CC5B1E-9DFA-42CA-BF27-8439AA5A26DD}"
EndProject
Global
	GlobalSection(SolutionConfigurationPlatforms) = preSolution
		Debug|Any CPU = Debug|Any CPU
		Release|Any CPU = Release|Any CPU
	EndGlobalSection
	GlobalSection(ProjectConfigurationPlatforms) = postSolution
		{01CC5B1E-9DFA-42CA-BF27-8439AA5A26DD}.Debug|Any CPU.ActiveCfg = Debug|Any CPU
		{01CC5B1E-9DFA-42CA-BF27-8439AA5A26DD}.Debug|Any CPU.Build.0 = Debug|Any CPU
		{01CC5B1E-9DFA-42CA-BF27-8439AA5A26DD}.Release|Any CPU.ActiveCfg = Release|Any CPU
		{01CC5B1E-9DFA-42CA-BF27-8439AA5A26DD}.Release|Any CPU.Build.0 = Release|Any CPU
	EndGlobalSection
	GlobalSection(SolutionProperties) = preSolution
		HideSolutionNode = FALSE
	EndGlobalSection
	GlobalSection(ExtensibilityGlobals) = postSolution
		SolutionGuid = {78160639-E848-40FC-928D-803052ACC633}
	EndGlobalSection
EndGlobal
